
Microsoft Visual Studio Solution File, Format Version 12.00
# Visual Studio Version 17
VisualStudioVersion = 17.8.34408.163
MinimumVisualStudioVersion = 10.0.40219.1
Project("{9A19103F-16F7-4668-BE54-9A1E7A4F7556}") = "TestApp", "TestApp\TestApp.csproj", "{AE0A5D1B-F74F-4AA8-B110-19C225A11770}"
EndProject
Global
	GlobalSection(SolutionConfigurationPlatforms) = preSolution
		Debug|Any CPU = Debug|Any CPU
		Debug|x86 = Debug|x86
		Release|Any CPU = Release|Any CPU
		Release|x86 = Release|x86
	EndGlobalSection
	GlobalSection(ProjectConfigurationPlatforms) = postSolution
		{AE0A5D1B-F74F-4AA8-B110-19C225A11770}.Debug|Any CPU.ActiveCfg = Debug|Any CPU
		{AE0A5D1B-F74F-4AA8-B110-19C225A11770}.Debug|Any CPU.Build.0 = Debug|Any CPU
		{AE0A5D1B-F74F-4AA8-B110-19C225A11770}.Debug|x86.ActiveCfg = Debug|x86
		{AE0A5D1B-F74F-4AA8-B110-19C225A11770}.Debug|x86.Build.0 = Debug|x86
		{AE0A5D1B-F74F-4AA8-B110-19C225A11770}.Release|Any CPU.ActiveCfg = Release|Any CPU
		{AE0A5D1B-F74F-4AA8-B110-19C225A11770}.Release|Any CPU.Build.0 = Release|Any CPU
		{AE0A5D1B-F74F-4AA8-B110-19C225A11770}.Release|x86.ActiveCfg = Release|x86
		{AE0A5D1B-F74F-4AA8-B110-19C225A11770}.Release|x86.Build.0 = Release|x86
	EndGlobalSection
	GlobalSection(SolutionProperties) = preSolution
		HideSolutionNode = FALSE
	EndGlobalSection
	GlobalSection(ExtensibilityGlobals) = postSolution
		SolutionGuid = {9ECBB7CC-F35C-40FE-84DE-BEA26F0CF35A}
	EndGlobalSection
EndGlobal
